
Microsoft Visual Studio Solution File, Format Version 12.00
# Visual Studio 14
VisualStudioVersion = 14.0.25420.1
MinimumVisualStudioVersion = 10.0.40219.1
Project("{DA7A21FA-8162-4350-AD77-A8D1B671F3ED}") = "DataAccess", "DataAccess\DataAccess.rxproj", "{3A8BA908-1FBF-4FA7-A3B5-88C9168F25C8}"
EndProject
Project("{DA7A21FA-8162-4350-AD77-A8D1B671F3ED}") = "DataModel", "DataModel\DataModel.rxproj", "{C79B591F-E3C0-43ED-A370-0293E91E6C7F}"
EndProject
Project("{DA7A21FA-8162-4350-AD77-A8D1B671F3ED}") = "DataReporting", "DataReporting\DataReporting.rxproj", "{16B5CBCE-2C12-4F62-A1C2-5F81FC818958}"
EndProject
Project("{2150E333-8FDC-42A3-9474-1A3956D46DE8}") = "DataDAX", "DataDAX", "{19FABD8F-99F3-4314-87F6-A22FCC92B3AA}"
	ProjectSection(SolutionItems) = preProject
		DataDAX\02-WhatMakesDAXsoUnique.pdf = DataDAX\02-WhatMakesDAXsoUnique.pdf
		DataDAX\03-DataGovernance_PowerBI_PowerPivot_SSAStabular.pdf = DataDAX\03-DataGovernance_PowerBI_PowerPivot_SSAStabular.pdf
		DataDAX\04-ColumnsNotRows.pdf = DataDAX\04-ColumnsNotRows.pdf
		DataDAX\04-Empty.pbix = DataDAX\04-Empty.pbix
		DataDAX\04-Related.csv = DataDAX\04-Related.csv
		DataDAX\04-Related.pbix = DataDAX\04-Related.pbix
		DataDAX\04-Unique.csv = DataDAX\04-Unique.csv
		DataDAX\04-Unique.pbix = DataDAX\04-Unique.pbix
		DataDAX\04-Unrelated.csv = DataDAX\04-Unrelated.csv
		DataDAX\04-Unrelated.pbix = DataDAX\04-Unrelated.pbix
		DataDAX\05-BusinessLogicWithCalculatedColumnsAndMeasures.pdf = DataDAX\05-BusinessLogicWithCalculatedColumnsAndMeasures.pdf
		DataDAX\05-Calculated Columns.pbix = DataDAX\05-Calculated Columns.pbix
		DataDAX\05-Implicit Measures.xlsx = DataDAX\05-Implicit Measures.xlsx
		DataDAX\05-Measures.pbix = DataDAX\05-Measures.pbix
		DataDAX\05-Products.xlsx = DataDAX\05-Products.xlsx
		DataDAX\05-SalesOrderDetail.xlsx = DataDAX\05-SalesOrderDetail.xlsx
		DataDAX\06-ALL.pbix = DataDAX\06-ALL.pbix
		DataDAX\06-CALCULATE.pbix = DataDAX\06-CALCULATE.pbix
		DataDAX\06-FILTER.pbix = DataDAX\06-FILTER.pbix
		DataDAX\06-FilteringDataWithCalculate.pdf = DataDAX\06-FilteringDataWithCalculate.pdf
		DataDAX\06-Products.xlsx = DataDAX\06-Products.xlsx
		DataDAX\06-SalesOrderDetail.xlsx = DataDAX\06-SalesOrderDetail.xlsx
		DataDAX\07-LoopingDataWithIterators.pdf = DataDAX\07-LoopingDataWithIterators.pdf
		DataDAX\08-AnalyzingHistoryWithTimeIntelligence.pdf = DataDAX\08-AnalyzingHistoryWithTimeIntelligence.pdf
		DataDAX\08-Date Tables.pbix = DataDAX\08-Date Tables.pbix
		DataDAX\08-Dates.xlsx = DataDAX\08-Dates.xlsx
		DataDAX\08-Mark As Date Table.xlsx = DataDAX\08-Mark As Date Table.xlsx
		DataDAX\08-SalesOrderHeader.xlsx = DataDAX\08-SalesOrderHeader.xlsx
		DataDAX\08-YTD and YoY.pbix = DataDAX\08-YTD and YoY.pbix
	EndProjectSection
EndProject
Global
	GlobalSection(SolutionConfigurationPlatforms) = preSolution
		Debug|Any CPU = Debug|Any CPU
		Release|Any CPU = Release|Any CPU
	EndGlobalSection
	GlobalSection(ProjectConfigurationPlatforms) = postSolution
		{3A8BA908-1FBF-4FA7-A3B5-88C9168F25C8}.Debug|Any CPU.ActiveCfg = Debug|Any CPU
		{3A8BA908-1FBF-4FA7-A3B5-88C9168F25C8}.Debug|Any CPU.Build.0 = Debug|Any CPU
		{3A8BA908-1FBF-4FA7-A3B5-88C9168F25C8}.Release|Any CPU.ActiveCfg = Release|Any CPU
		{3A8BA908-1FBF-4FA7-A3B5-88C9168F25C8}.Release|Any CPU.Build.0 = Release|Any CPU
		{C79B591F-E3C0-43ED-A370-0293E91E6C7F}.Debug|Any CPU.ActiveCfg = Debug|Any CPU
		{C79B591F-E3C0-43ED-A370-0293E91E6C7F}.Debug|Any CPU.Build.0 = Debug|Any CPU
		{C79B591F-E3C0-43ED-A370-0293E91E6C7F}.Release|Any CPU.ActiveCfg = Release|Any CPU
		{C79B591F-E3C0-43ED-A370-0293E91E6C7F}.Release|Any CPU.Build.0 = Release|Any CPU
		{16B5CBCE-2C12-4F62-A1C2-5F81FC818958}.Debug|Any CPU.ActiveCfg = Debug|Any CPU
		{16B5CBCE-2C12-4F62-A1C2-5F81FC818958}.Debug|Any CPU.Build.0 = Debug|Any CPU
		{16B5CBCE-2C12-4F62-A1C2-5F81FC818958}.Release|Any CPU.ActiveCfg = Release|Any CPU
		{16B5CBCE-2C12-4F62-A1C2-5F81FC818958}.Release|Any CPU.Build.0 = Release|Any CPU
	EndGlobalSection
	GlobalSection(SolutionProperties) = preSolution
		HideSolutionNode = FALSE
	EndGlobalSection
EndGlobal
