
Microsoft Visual Studio Solution File, Format Version 12.00
# Visual Studio 14
VisualStudioVersion = 14.0.25420.1
MinimumVisualStudioVersion = 10.0.40219.1
Project("{DA7A21FA-8162-4350-AD77-A8D1B671F3ED}") = "DataAccess", "DataAccess\DataAccess.rxproj", "{3A8BA908-1FBF-4FA7-A3B5-88C9168F25C8}"
EndProject
Project("{DA7A21FA-8162-4350-AD77-A8D1B671F3ED}") = "DataModel", "DataModel\DataModel.rxproj", "{C79B591F-E3C0-43ED-A370-0293E91E6C7F}"
EndProject
Project("{DA7A21FA-8162-4350-AD77-A8D1B671F3ED}") = "VisualReporting", "VisualReporting\VisualReporting.rxproj", "{7038CC89-BB2D-4E43-8914-2F6554484886}"
EndProject
Global
	GlobalSection(SolutionConfigurationPlatforms) = preSolution
		Debug|Any CPU = Debug|Any CPU
		Release|Any CPU = Release|Any CPU
	EndGlobalSection
	GlobalSection(ProjectConfigurationPlatforms) = postSolution
		{3A8BA908-1FBF-4FA7-A3B5-88C9168F25C8}.Debug|Any CPU.ActiveCfg = Debug|Any CPU
		{3A8BA908-1FBF-4FA7-A3B5-88C9168F25C8}.Debug|Any CPU.Build.0 = Debug|Any CPU
		{3A8BA908-1FBF-4FA7-A3B5-88C9168F25C8}.Release|Any CPU.ActiveCfg = Release|Any CPU
		{3A8BA908-1FBF-4FA7-A3B5-88C9168F25C8}.Release|Any CPU.Build.0 = Release|Any CPU
		{C79B591F-E3C0-43ED-A370-0293E91E6C7F}.Debug|Any CPU.ActiveCfg = Debug|Any CPU
		{C79B591F-E3C0-43ED-A370-0293E91E6C7F}.Debug|Any CPU.Build.0 = Debug|Any CPU
		{C79B591F-E3C0-43ED-A370-0293E91E6C7F}.Release|Any CPU.ActiveCfg = Release|Any CPU
		{C79B591F-E3C0-43ED-A370-0293E91E6C7F}.Release|Any CPU.Build.0 = Release|Any CPU
		{7038CC89-BB2D-4E43-8914-2F6554484886}.Debug|Any CPU.ActiveCfg = Debug|Any CPU
		{7038CC89-BB2D-4E43-8914-2F6554484886}.Debug|Any CPU.Build.0 = Debug|Any CPU
		{7038CC89-BB2D-4E43-8914-2F6554484886}.Release|Any CPU.ActiveCfg = Release|Any CPU
		{7038CC89-BB2D-4E43-8914-2F6554484886}.Release|Any CPU.Build.0 = Release|Any CPU
	EndGlobalSection
	GlobalSection(SolutionProperties) = preSolution
		HideSolutionNode = FALSE
	EndGlobalSection
EndGlobal
