
Microsoft Visual Studio Solution File, Format Version 11.00
# Visual Studio 2010
Project("{6870E480-7721-4708-BFB8-9AE898AA21B3}") = "1000 Foot Demo", "1000 Foot Demo\1000 Foot Demo.smproj", "{2D5D52F4-5F44-44C2-8D51-5BBA5CE69427}"
EndProject
Global
	GlobalSection(SolutionConfigurationPlatforms) = preSolution
		Development|x86 = Development|x86
	EndGlobalSection
	GlobalSection(ProjectConfigurationPlatforms) = postSolution
		{2D5D52F4-5F44-44C2-8D51-5BBA5CE69427}.Development|x86.ActiveCfg = Development|x86
		{2D5D52F4-5F44-44C2-8D51-5BBA5CE69427}.Development|x86.Build.0 = Development|x86
		{2D5D52F4-5F44-44C2-8D51-5BBA5CE69427}.Development|x86.Deploy.0 = Development|x86
	EndGlobalSection
	GlobalSection(SolutionProperties) = preSolution
		HideSolutionNode = FALSE
	EndGlobalSection
EndGlobal
