
Microsoft Visual Studio Solution File, Format Version 11.00
# Visual Studio 2010
Project("{6870E480-7721-4708-BFB8-9AE898AA21B3}") = "TabularDemo01_FromScratch_01", "TabularDemo01_FromScratch_01\TabularDemo01_FromScratch_01.smproj", "{638ECE5B-EE50-4B18-8FC1-59DFB1330525}"
EndProject
Global
	GlobalSection(SolutionConfigurationPlatforms) = preSolution
		Development|x86 = Development|x86
	EndGlobalSection
	GlobalSection(ProjectConfigurationPlatforms) = postSolution
		{638ECE5B-EE50-4B18-8FC1-59DFB1330525}.Development|x86.ActiveCfg = Development|x86
		{638ECE5B-EE50-4B18-8FC1-59DFB1330525}.Development|x86.Build.0 = Development|x86
		{638ECE5B-EE50-4B18-8FC1-59DFB1330525}.Development|x86.Deploy.0 = Development|x86
	EndGlobalSection
	GlobalSection(SolutionProperties) = preSolution
		HideSolutionNode = FALSE
	EndGlobalSection
EndGlobal
